// !$*UTF8*$!
{
	archiveVersion = 1;
	classes = {
	};
	objectVersion = 56;
	objects = {

/* Begin PBXBuildFile section */
		7A0926D52DD8D8D9007EB4C3 /* UseePayCore in Frameworks */ = {isa = PBXBuildFile; productRef = 7A0926D42DD8D8D9007EB4C3 /* UseePayCore */; };
		7A0926DC2DD8D973007EB4C3 /* SettingsViewController.swift in Sources */ = {isa = PBXBuildFile; fileRef = 7A0926D62DD8D973007EB4C3 /* SettingsViewController.swift */; };
		7A0926DD2DD8D973007EB4C3 /* UseePayTest.swift in Sources */ = {isa = PBXBuildFile; fileRef = 7A0926D72DD8D973007EB4C3 /* UseePayTest.swift */; };
		7A0926DE2DD8D973007EB4C3 /* UPPaymentIntent.swift in Sources */ = {isa = PBXBuildFile; fileRef = 7A0926D82DD8D973007EB4C3 /* UPPaymentIntent.swift */; };
		7A0926DF2DD8D973007EB4C3 /* UPPaymentIntentResponse.swift in Sources */ = {isa = PBXBuildFile; fileRef = 7A0926D92DD8D973007EB4C3 /* UPPaymentIntentResponse.swift */; };
		7A0926E02DD8D973007EB4C3 /* PayViewController.swift in Sources */ = {isa = PBXBuildFile; fileRef = 7A0926DA2DD8D973007EB4C3 /* PayViewController.swift */; };
		7A0926E12DD8D973007EB4C3 /* PaymentSettings.swift in Sources */ = {isa = PBXBuildFile; fileRef = 7A0926DB2DD8D973007EB4C3 /* PaymentSettings.swift */; };
		7AC720ED2DD8D5C200DDEA99 /* AppDelegate.swift in Sources */ = {isa = PBXBuildFile; fileRef = 7AC720EC2DD8D5C200DDEA99 /* AppDelegate.swift */; };
		7AC720EF2DD8D5C200DDEA99 /* SceneDelegate.swift in Sources */ = {isa = PBXBuildFile; fileRef = 7AC720EE2DD8D5C200DDEA99 /* SceneDelegate.swift */; };
		7AC720F12DD8D5C200DDEA99 /* ViewController.swift in Sources */ = {isa = PBXBuildFile; fileRef = 7AC720F02DD8D5C200DDEA99 /* ViewController.swift */; };
		7AC720F42DD8D5C200DDEA99 /* Main.storyboard in Resources */ = {isa = PBXBuildFile; fileRef = 7AC720F22DD8D5C200DDEA99 /* Main.storyboard */; };
		7AC720F62DD8D5C300DDEA99 /* Assets.xcassets in Resources */ = {isa = PBXBuildFile; fileRef = 7AC720F52DD8D5C300DDEA99 /* Assets.xcassets */; };
		7AC720F92DD8D5C300DDEA99 /* LaunchScreen.storyboard in Resources */ = {isa = PBXBuildFile; fileRef = 7AC720F72DD8D5C300DDEA99 /* LaunchScreen.storyboard */; };
		7AEC5AE62DD96B0C00E2D5F6 /* UseePayCore in Frameworks */ = {isa = PBXBuildFile; productRef = 7AEC5AE52DD96B0C00E2D5F6 /* UseePayCore */; };
/* End PBXBuildFile section */

/* Begin PBXFileReference section */
		7A0926D62DD8D973007EB4C3 /* SettingsViewController.swift */ = {isa = PBXFileReference; fileEncoding = 4; lastKnownFileType = sourcecode.swift; path = SettingsViewController.swift; sourceTree = "<group>"; };
		7A0926D72DD8D973007EB4C3 /* UseePayTest.swift */ = {isa = PBXFileReference; fileEncoding = 4; lastKnownFileType = sourcecode.swift; path = UseePayTest.swift; sourceTree = "<group>"; };
		7A0926D82DD8D973007EB4C3 /* UPPaymentIntent.swift */ = {isa = PBXFileReference; fileEncoding = 4; lastKnownFileType = sourcecode.swift; path = UPPaymentIntent.swift; sourceTree = "<group>"; };
		7A0926D92DD8D973007EB4C3 /* UPPaymentIntentResponse.swift */ = {isa = PBXFileReference; fileEncoding = 4; lastKnownFileType = sourcecode.swift; path = UPPaymentIntentResponse.swift; sourceTree = "<group>"; };
		7A0926DA2DD8D973007EB4C3 /* PayViewController.swift */ = {isa = PBXFileReference; fileEncoding = 4; lastKnownFileType = sourcecode.swift; path = PayViewController.swift; sourceTree = "<group>"; };
		7A0926DB2DD8D973007EB4C3 /* PaymentSettings.swift */ = {isa = PBXFileReference; fileEncoding = 4; lastKnownFileType = sourcecode.swift; path = PaymentSettings.swift; sourceTree = "<group>"; };
		7AC720E92DD8D5C200DDEA99 /* UseePayDemo.app */ = {isa = PBXFileReference; explicitFileType = wrapper.application; includeInIndex = 0; path = UseePayDemo.app; sourceTree = BUILT_PRODUCTS_DIR; };
		7AC720EC2DD8D5C200DDEA99 /* AppDelegate.swift */ = {isa = PBXFileReference; lastKnownFileType = sourcecode.swift; path = AppDelegate.swift; sourceTree = "<group>"; };
		7AC720EE2DD8D5C200DDEA99 /* SceneDelegate.swift */ = {isa = PBXFileReference; lastKnownFileType = sourcecode.swift; path = SceneDelegate.swift; sourceTree = "<group>"; };
		7AC720F02DD8D5C200DDEA99 /* ViewController.swift */ = {isa = PBXFileReference; lastKnownFileType = sourcecode.swift; path = ViewController.swift; sourceTree = "<group>"; };
		7AC720F32DD8D5C200DDEA99 /* Base */ = {isa = PBXFileReference; lastKnownFileType = file.storyboard; name = Base; path = Base.lproj/Main.storyboard; sourceTree = "<group>"; };
		7AC720F52DD8D5C300DDEA99 /* Assets.xcassets */ = {isa = PBXFileReference; lastKnownFileType = folder.assetcatalog; path = Assets.xcassets; sourceTree = "<group>"; };
		7AC720F82DD8D5C300DDEA99 /* Base */ = {isa = PBXFileReference; lastKnownFileType = file.storyboard; name = Base; path = Base.lproj/LaunchScreen.storyboard; sourceTree = "<group>"; };
		7AC720FA2DD8D5C300DDEA99 /* Info.plist */ = {isa = PBXFileReference; lastKnownFileType = text.plist.xml; path = Info.plist; sourceTree = "<group>"; };
/* End PBXFileReference section */

/* Begin PBXFrameworksBuildPhase section */
		7AC720E62DD8D5C200DDEA99 /* Frameworks */ = {
			isa = PBXFrameworksBuildPhase;
			buildActionMask = 2147483647;
			files = (
				7AEC5AE62DD96B0C00E2D5F6 /* UseePayCore in Frameworks */,
				7A0926D52DD8D8D9007EB4C3 /* UseePayCore in Frameworks */,
			);
			runOnlyForDeploymentPostprocessing = 0;
		};
/* End PBXFrameworksBuildPhase section */

/* Begin PBXGroup section */
		7AC720E02DD8D5C200DDEA99 = {
			isa = PBXGroup;
			children = (
				7AC720EB2DD8D5C200DDEA99 /* UseePayDemo */,
				7AC720EA2DD8D5C200DDEA99 /* Products */,
			);
			sourceTree = "<group>";
		};
		7AC720EA2DD8D5C200DDEA99 /* Products */ = {
			isa = PBXGroup;
			children = (
				7AC720E92DD8D5C200DDEA99 /* UseePayDemo.app */,
			);
			name = Products;
			sourceTree = "<group>";
		};
		7AC720EB2DD8D5C200DDEA99 /* UseePayDemo */ = {
			isa = PBXGroup;
			children = (
				7AC720EC2DD8D5C200DDEA99 /* AppDelegate.swift */,
				7AC720EE2DD8D5C200DDEA99 /* SceneDelegate.swift */,
				7AC720F02DD8D5C200DDEA99 /* ViewController.swift */,
				7A0926DB2DD8D973007EB4C3 /* PaymentSettings.swift */,
				7A0926DA2DD8D973007EB4C3 /* PayViewController.swift */,
				7A0926D62DD8D973007EB4C3 /* SettingsViewController.swift */,
				7A0926D82DD8D973007EB4C3 /* UPPaymentIntent.swift */,
				7A0926D92DD8D973007EB4C3 /* UPPaymentIntentResponse.swift */,
				7A0926D72DD8D973007EB4C3 /* UseePayTest.swift */,
				7AC720F22DD8D5C200DDEA99 /* Main.storyboard */,
				7AC720F52DD8D5C300DDEA99 /* Assets.xcassets */,
				7AC720F72DD8D5C300DDEA99 /* LaunchScreen.storyboard */,
				7AC720FA2DD8D5C300DDEA99 /* Info.plist */,
			);
			path = UseePayDemo;
			sourceTree = "<group>";
		};
/* End PBXGroup section */

/* Begin PBXNativeTarget section */
		7AC720E82DD8D5C200DDEA99 /* UseePayDemo */ = {
			isa = PBXNativeTarget;
			buildConfigurationList = 7AC720FD2DD8D5C300DDEA99 /* Build configuration list for PBXNativeTarget "UseePayDemo" */;
			buildPhases = (
				7AC720E52DD8D5C200DDEA99 /* Sources */,
				7AC720E62DD8D5C200DDEA99 /* Frameworks */,
				7AC720E72DD8D5C200DDEA99 /* Resources */,
			);
			buildRules = (
			);
			dependencies = (
			);
			name = UseePayDemo;
			packageProductDependencies = (
				7A0926D42DD8D8D9007EB4C3 /* UseePayCore */,
				7AEC5AE52DD96B0C00E2D5F6 /* UseePayCore */,
			);
			productName = UseePayDemo;
			productReference = 7AC720E92DD8D5C200DDEA99 /* UseePayDemo.app */;
			productType = "com.apple.product-type.application";
		};
/* End PBXNativeTarget section */

/* Begin PBXProject section */
		7AC720E12DD8D5C200DDEA99 /* Project object */ = {
			isa = PBXProject;
			attributes = {
				BuildIndependentTargetsInParallel = 1;
				LastSwiftUpdateCheck = 1520;
				LastUpgradeCheck = 1520;
				TargetAttributes = {
					7AC720E82DD8D5C200DDEA99 = {
						CreatedOnToolsVersion = 15.2;
					};
				};
			};
			buildConfigurationList = 7AC720E42DD8D5C200DDEA99 /* Build configuration list for PBXProject "UseePayDemo" */;
			compatibilityVersion = "Xcode 14.0";
			developmentRegion = en;
			hasScannedForEncodings = 0;
			knownRegions = (
				en,
				Base,
			);
			mainGroup = 7AC720E02DD8D5C200DDEA99;
			packageReferences = (
				7A0926D32DD8D8D9007EB4C3 /* XCRemoteSwiftPackageReference "useepay-ios" */,
			);
			productRefGroup = 7AC720EA2DD8D5C200DDEA99 /* Products */;
			projectDirPath = "";
			projectRoot = "";
			targets = (
				7AC720E82DD8D5C200DDEA99 /* UseePayDemo */,
			);
		};
/* End PBXProject section */

/* Begin PBXResourcesBuildPhase section */
		7AC720E72DD8D5C200DDEA99 /* Resources */ = {
			isa = PBXResourcesBuildPhase;
			buildActionMask = 2147483647;
			files = (
				7AC720F92DD8D5C300DDEA99 /* LaunchScreen.storyboard in Resources */,
				7AC720F62DD8D5C300DDEA99 /* Assets.xcassets in Resources */,
				7AC720F42DD8D5C200DDEA99 /* Main.storyboard in Resources */,
			);
			runOnlyForDeploymentPostprocessing = 0;
		};
/* End PBXResourcesBuildPhase section */

/* Begin PBXSourcesBuildPhase section */
		7AC720E52DD8D5C200DDEA99 /* Sources */ = {
			isa = PBXSourcesBuildPhase;
			buildActionMask = 2147483647;
			files = (
				7AC720F12DD8D5C200DDEA99 /* ViewController.swift in Sources */,
				7A0926E12DD8D973007EB4C3 /* PaymentSettings.swift in Sources */,
				7A0926DD2DD8D973007EB4C3 /* UseePayTest.swift in Sources */,
				7AC720ED2DD8D5C200DDEA99 /* AppDelegate.swift in Sources */,
				7A0926E02DD8D973007EB4C3 /* PayViewController.swift in Sources */,
				7A0926DE2DD8D973007EB4C3 /* UPPaymentIntent.swift in Sources */,
				7AC720EF2DD8D5C200DDEA99 /* SceneDelegate.swift in Sources */,
				7A0926DF2DD8D973007EB4C3 /* UPPaymentIntentResponse.swift in Sources */,
				7A0926DC2DD8D973007EB4C3 /* SettingsViewController.swift in Sources */,
			);
			runOnlyForDeploymentPostprocessing = 0;
		};
/* End PBXSourcesBuildPhase section */

/* Begin PBXVariantGroup section */
		7AC720F22DD8D5C200DDEA99 /* Main.storyboard */ = {
			isa = PBXVariantGroup;
			children = (
				7AC720F32DD8D5C200DDEA99 /* Base */,
			);
			name = Main.storyboard;
			sourceTree = "<group>";
		};
		7AC720F72DD8D5C300DDEA99 /* LaunchScreen.storyboard */ = {
			isa = PBXVariantGroup;
			children = (
				7AC720F82DD8D5C300DDEA99 /* Base */,
			);
			name = LaunchScreen.storyboard;
			sourceTree = "<group>";
		};
/* End PBXVariantGroup section */

/* Begin XCBuildConfiguration section */
		7AC720FB2DD8D5C300DDEA99 /* Debug */ = {
			isa = XCBuildConfiguration;
			buildSettings = {
				ALWAYS_SEARCH_USER_PATHS = NO;
				ASSETCATALOG_COMPILER_GENERATE_SWIFT_ASSET_SYMBOL_EXTENSIONS = YES;
				CLANG_ANALYZER_NONNULL = YES;
				CLANG_ANALYZER_NUMBER_OBJECT_CONVERSION = YES_AGGRESSIVE;
				CLANG_CXX_LANGUAGE_STANDARD = "gnu++20";
				CLANG_ENABLE_MODULES = YES;
				CLANG_ENABLE_OBJC_ARC = YES;
				CLANG_ENABLE_OBJC_WEAK = YES;
				CLANG_WARN_BLOCK_CAPTURE_AUTORELEASING = YES;
				CLANG_WARN_BOOL_CONVERSION = YES;
				CLANG_WARN_COMMA = YES;
				CLANG_WARN_CONSTANT_CONVERSION = YES;
				CLANG_WARN_DEPRECATED_OBJC_IMPLEMENTATIONS = YES;
				CLANG_WARN_DIRECT_OBJC_ISA_USAGE = YES_ERROR;
				CLANG_WARN_DOCUMENTATION_COMMENTS = YES;
				CLANG_WARN_EMPTY_BODY = YES;
				CLANG_WARN_ENUM_CONVERSION = YES;
				CLANG_WARN_INFINITE_RECURSION = YES;
				CLANG_WARN_INT_CONVERSION = YES;
				CLANG_WARN_NON_LITERAL_NULL_CONVERSION = YES;
				CLANG_WARN_OBJC_IMPLICIT_RETAIN_SELF = YES;
				CLANG_WARN_OBJC_LITERAL_CONVERSION = YES;
				CLANG_WARN_OBJC_ROOT_CLASS = YES_ERROR;
				CLANG_WARN_QUOTED_INCLUDE_IN_FRAMEWORK_HEADER = YES;
				CLANG_WARN_RANGE_LOOP_ANALYSIS = YES;
				CLANG_WARN_STRICT_PROTOTYPES = YES;
				CLANG_WARN_SUSPICIOUS_MOVE = YES;
				CLANG_WARN_UNGUARDED_AVAILABILITY = YES_AGGRESSIVE;
				CLANG_WARN_UNREACHABLE_CODE = YES;
				CLANG_WARN__DUPLICATE_METHOD_MATCH = YES;
				COPY_PHASE_STRIP = NO;
				DEBUG_INFORMATION_FORMAT = dwarf;
				ENABLE_STRICT_OBJC_MSGSEND = YES;
				ENABLE_TESTABILITY = YES;
				ENABLE_USER_SCRIPT_SANDBOXING = YES;
				GCC_C_LANGUAGE_STANDARD = gnu17;
				GCC_DYNAMIC_NO_PIC = NO;
				GCC_NO_COMMON_BLOCKS = YES;
				GCC_OPTIMIZATION_LEVEL = 0;
				GCC_PREPROCESSOR_DEFINITIONS = (
					"DEBUG=1",
					"$(inherited)",
				);
				GCC_WARN_64_TO_32_BIT_CONVERSION = YES;
				GCC_WARN_ABOUT_RETURN_TYPE = YES_ERROR;
				GCC_WARN_UNDECLARED_SELECTOR = YES;
				GCC_WARN_UNINITIALIZED_AUTOS = YES_AGGRESSIVE;
				GCC_WARN_UNUSED_FUNCTION = YES;
				GCC_WARN_UNUSED_VARIABLE = YES;
				IPHONEOS_DEPLOYMENT_TARGET = 17.2;
				LOCALIZATION_PREFERS_STRING_CATALOGS = YES;
				MTL_ENABLE_DEBUG_INFO = INCLUDE_SOURCE;
				MTL_FAST_MATH = YES;
				ONLY_ACTIVE_ARCH = YES;
				SDKROOT = iphoneos;
				SWIFT_ACTIVE_COMPILATION_CONDITIONS = "DEBUG $(inherited)";
				SWIFT_OPTIMIZATION_LEVEL = "-Onone";
			};
			name = Debug;
		};
		7AC720FC2DD8D5C300DDEA99 /* Release */ = {
			isa = XCBuildConfiguration;
			buildSettings = {
				ALWAYS_SEARCH_USER_PATHS = NO;
				ASSETCATALOG_COMPILER_GENERATE_SWIFT_ASSET_SYMBOL_EXTENSIONS = YES;
				CLANG_ANALYZER_NONNULL = YES;
				CLANG_ANALYZER_NUMBER_OBJECT_CONVERSION = YES_AGGRESSIVE;
				CLANG_CXX_LANGUAGE_STANDARD = "gnu++20";
				CLANG_ENABLE_MODULES = YES;
				CLANG_ENABLE_OBJC_ARC = YES;
				CLANG_ENABLE_OBJC_WEAK = YES;
				CLANG_WARN_BLOCK_CAPTURE_AUTORELEASING = YES;
				CLANG_WARN_BOOL_CONVERSION = YES;
				CLANG_WARN_COMMA = YES;
				CLANG_WARN_CONSTANT_CONVERSION = YES;
				CLANG_WARN_DEPRECATED_OBJC_IMPLEMENTATIONS = YES;
				CLANG_WARN_DIRECT_OBJC_ISA_USAGE = YES_ERROR;
				CLANG_WARN_DOCUMENTATION_COMMENTS = YES;
				CLANG_WARN_EMPTY_BODY = YES;
				CLANG_WARN_ENUM_CONVERSION = YES;
				CLANG_WARN_INFINITE_RECURSION = YES;
				CLANG_WARN_INT_CONVERSION = YES;
				CLANG_WARN_NON_LITERAL_NULL_CONVERSION = YES;
				CLANG_WARN_OBJC_IMPLICIT_RETAIN_SELF = YES;
				CLANG_WARN_OBJC_LITERAL_CONVERSION = YES;
				CLANG_WARN_OBJC_ROOT_CLASS = YES_ERROR;
				CLANG_WARN_QUOTED_INCLUDE_IN_FRAMEWORK_HEADER = YES;
				CLANG_WARN_RANGE_LOOP_ANALYSIS = YES;
				CLANG_WARN_STRICT_PROTOTYPES = YES;
				CLANG_WARN_SUSPICIOUS_MOVE = YES;
				CLANG_WARN_UNGUARDED_AVAILABILITY = YES_AGGRESSIVE;
				CLANG_WARN_UNREACHABLE_CODE = YES;
				CLANG_WARN__DUPLICATE_METHOD_MATCH = YES;
				COPY_PHASE_STRIP = NO;
				DEBUG_INFORMATION_FORMAT = "dwarf-with-dsym";
				ENABLE_NS_ASSERTIONS = NO;
				ENABLE_STRICT_OBJC_MSGSEND = YES;
				ENABLE_USER_SCRIPT_SANDBOXING = YES;
				GCC_C_LANGUAGE_STANDARD = gnu17;
				GCC_NO_COMMON_BLOCKS = YES;
				GCC_WARN_64_TO_32_BIT_CONVERSION = YES;
				GCC_WARN_ABOUT_RETURN_TYPE = YES_ERROR;
				GCC_WARN_UNDECLARED_SELECTOR = YES;
				GCC_WARN_UNINITIALIZED_AUTOS = YES_AGGRESSIVE;
				GCC_WARN_UNUSED_FUNCTION = YES;
				GCC_WARN_UNUSED_VARIABLE = YES;
				IPHONEOS_DEPLOYMENT_TARGET = 17.2;
				LOCALIZATION_PREFERS_STRING_CATALOGS = YES;
				MTL_ENABLE_DEBUG_INFO = NO;
				MTL_FAST_MATH = YES;
				SDKROOT = iphoneos;
				SWIFT_COMPILATION_MODE = wholemodule;
				VALIDATE_PRODUCT = YES;
			};
			name = Release;
		};
		7AC720FE2DD8D5C300DDEA99 /* Debug */ = {
			isa = XCBuildConfiguration;
			buildSettings = {
				ASSETCATALOG_COMPILER_APPICON_NAME = AppIcon;
				ASSETCATALOG_COMPILER_GLOBAL_ACCENT_COLOR_NAME = AccentColor;
				CODE_SIGN_STYLE = Automatic;
				CURRENT_PROJECT_VERSION = 1;
				DEVELOPMENT_TEAM = AM442552AL;
				GENERATE_INFOPLIST_FILE = YES;
				INFOPLIST_FILE = UseePayDemo/Info.plist;
				INFOPLIST_KEY_UIApplicationSupportsIndirectInputEvents = YES;
				INFOPLIST_KEY_UILaunchStoryboardName = LaunchScreen;
				INFOPLIST_KEY_UIMainStoryboardFile = Main;
				INFOPLIST_KEY_UISupportedInterfaceOrientations_iPad = "UIInterfaceOrientationPortrait UIInterfaceOrientationPortraitUpsideDown UIInterfaceOrientationLandscapeLeft UIInterfaceOrientationLandscapeRight";
				INFOPLIST_KEY_UISupportedInterfaceOrientations_iPhone = "UIInterfaceOrientationPortrait UIInterfaceOrientationLandscapeLeft UIInterfaceOrientationLandscapeRight";
				IPHONEOS_DEPLOYMENT_TARGET = 13.0;
				LD_RUNPATH_SEARCH_PATHS = (
					"$(inherited)",
					"@executable_path/Frameworks",
				);
				MARKETING_VERSION = 1.0;
				PRODUCT_BUNDLE_IDENTIFIER = com.useepay.UseePayDemo;
				PRODUCT_NAME = "$(TARGET_NAME)";
				SWIFT_EMIT_LOC_STRINGS = YES;
				SWIFT_VERSION = 5.0;
				TARGETED_DEVICE_FAMILY = "1,2";
			};
			name = Debug;
		};
		7AC720FF2DD8D5C300DDEA99 /* Release */ = {
			isa = XCBuildConfiguration;
			buildSettings = {
				ASSETCATALOG_COMPILER_APPICON_NAME = AppIcon;
				ASSETCATALOG_COMPILER_GLOBAL_ACCENT_COLOR_NAME = AccentColor;
				CODE_SIGN_STYLE = Automatic;
				CURRENT_PROJECT_VERSION = 1;
				DEVELOPMENT_TEAM = AM442552AL;
				GENERATE_INFOPLIST_FILE = YES;
				INFOPLIST_FILE = UseePayDemo/Info.plist;
				INFOPLIST_KEY_UIApplicationSupportsIndirectInputEvents = YES;
				INFOPLIST_KEY_UILaunchStoryboardName = LaunchScreen;
				INFOPLIST_KEY_UIMainStoryboardFile = Main;
				INFOPLIST_KEY_UISupportedInterfaceOrientations_iPad = "UIInterfaceOrientationPortrait UIInterfaceOrientationPortraitUpsideDown UIInterfaceOrientationLandscapeLeft UIInterfaceOrientationLandscapeRight";
				INFOPLIST_KEY_UISupportedInterfaceOrientations_iPhone = "UIInterfaceOrientationPortrait UIInterfaceOrientationLandscapeLeft UIInterfaceOrientationLandscapeRight";
				IPHONEOS_DEPLOYMENT_TARGET = 13.0;
				LD_RUNPATH_SEARCH_PATHS = (
					"$(inherited)",
					"@executable_path/Frameworks",
				);
				MARKETING_VERSION = 1.0;
				PRODUCT_BUNDLE_IDENTIFIER = com.useepay.UseePayDemo;
				PRODUCT_NAME = "$(TARGET_NAME)";
				SWIFT_EMIT_LOC_STRINGS = YES;
				SWIFT_VERSION = 5.0;
				TARGETED_DEVICE_FAMILY = "1,2";
			};
			name = Release;
		};
/* End XCBuildConfiguration section */

/* Begin XCConfigurationList section */
		7AC720E42DD8D5C200DDEA99 /* Build configuration list for PBXProject "UseePayDemo" */ = {
			isa = XCConfigurationList;
			buildConfigurations = (
				7AC720FB2DD8D5C300DDEA99 /* Debug */,
				7AC720FC2DD8D5C300DDEA99 /* Release */,
			);
			defaultConfigurationIsVisible = 0;
			defaultConfigurationName = Release;
		};
		7AC720FD2DD8D5C300DDEA99 /* Build configuration list for PBXNativeTarget "UseePayDemo" */ = {
			isa = XCConfigurationList;
			buildConfigurations = (
				7AC720FE2DD8D5C300DDEA99 /* Debug */,
				7AC720FF2DD8D5C300DDEA99 /* Release */,
			);
			defaultConfigurationIsVisible = 0;
			defaultConfigurationName = Release;
		};
/* End XCConfigurationList section */

/* Begin XCRemoteSwiftPackageReference section */
		7A0926D32DD8D8D9007EB4C3 /* XCRemoteSwiftPackageReference "useepay-ios" */ = {
			isa = XCRemoteSwiftPackageReference;
			repositoryURL = "https://github.com/useepay2020/useepay-ios";
			requirement = {
				kind = exactVersion;
				version = 0.0.1;
			};
		};
/* End XCRemoteSwiftPackageReference section */

/* Begin XCSwiftPackageProductDependency section */
		7A0926D42DD8D8D9007EB4C3 /* UseePayCore */ = {
			isa = XCSwiftPackageProductDependency;
			package = 7A0926D32DD8D8D9007EB4C3 /* XCRemoteSwiftPackageReference "useepay-ios" */;
			productName = UseePayCore;
		};
		7AEC5AE52DD96B0C00E2D5F6 /* UseePayCore */ = {
			isa = XCSwiftPackageProductDependency;
			package = 7A0926D32DD8D8D9007EB4C3 /* XCRemoteSwiftPackageReference "useepay-ios" */;
			productName = UseePayCore;
		};
/* End XCSwiftPackageProductDependency section */
	};
	rootObject = 7AC720E12DD8D5C200DDEA99 /* Project object */;
}
